
Microsoft Visual Studio Solution File, Format Version 12.00
# Visual Studio Version 16
VisualStudioVersion = 16.0.31321.278
MinimumVisualStudioVersion = 10.0.40219.1
Project("{9A19103F-16F7-4668-BE54-9A1E7A4F7556}") = "ElasticSearch.Linq", "src\ElasticSearch.Linq.csproj", "{49D62F61-A5B0-4052-A24D-10C1AB94FAB6}"
EndProject
Project("{9A19103F-16F7-4668-BE54-9A1E7A4F7556}") = "ElasticSearch.Test", "test\ElasticSearch.Test.csproj", "{C987B471-9984-4F19-80EB-66577CFA7666}"
EndProject
Global
	GlobalSection(SolutionConfigurationPlatforms) = preSolution
		Debug|Any CPU = Debug|Any CPU
		Release|Any CPU = Release|Any CPU
	EndGlobalSection
	GlobalSection(ProjectConfigurationPlatforms) = postSolution
		{49D62F61-A5B0-4052-A24D-10C1AB94FAB6}.Debug|Any CPU.ActiveCfg = Debug|Any CPU
		{49D62F61-A5B0-4052-A24D-10C1AB94FAB6}.Debug|Any CPU.Build.0 = Debug|Any CPU
		{49D62F61-A5B0-4052-A24D-10C1AB94FAB6}.Release|Any CPU.ActiveCfg = Release|Any CPU
		{49D62F61-A5B0-4052-A24D-10C1AB94FAB6}.Release|Any CPU.Build.0 = Release|Any CPU
		{C987B471-9984-4F19-80EB-66577CFA7666}.Debug|Any CPU.ActiveCfg = Debug|Any CPU
		{C987B471-9984-4F19-80EB-66577CFA7666}.Debug|Any CPU.Build.0 = Debug|Any CPU
		{C987B471-9984-4F19-80EB-66577CFA7666}.Release|Any CPU.ActiveCfg = Release|Any CPU
		{C987B471-9984-4F19-80EB-66577CFA7666}.Release|Any CPU.Build.0 = Release|Any CPU
	EndGlobalSection
	GlobalSection(SolutionProperties) = preSolution
		HideSolutionNode = FALSE
	EndGlobalSection
	GlobalSection(ExtensibilityGlobals) = postSolution
		SolutionGuid = {6B659BCE-E02F-48E1-91A1-D1DAF95909FD}
	EndGlobalSection
EndGlobal
